
Microsoft Visual Studio Solution File, Format Version 12.00
# Visual Studio Version 17
VisualStudioVersion = 17.0.31903.59
MinimumVisualStudioVersion = 10.0.40219.1
Project("{2150E333-8FDC-42A3-9474-1A3956D46DE8}") = "src", "src", "{FA904BA2-CB0C-4D3D-A076-3E85217825C2}"
EndProject
Project("{FAE04EC0-301F-11D3-BF4B-00C04F79EFBC}") = "WebApiOne", "src\WebApiOne\WebApiOne.csproj", "{0E6F3A47-5F72-4650-96FB-3796C3A13D7B}"
EndProject
Global
	GlobalSection(SolutionConfigurationPlatforms) = preSolution
		Debug|Any CPU = Debug|Any CPU
		Release|Any CPU = Release|Any CPU
	EndGlobalSection
	GlobalSection(SolutionProperties) = preSolution
		HideSolutionNode = FALSE
	EndGlobalSection
	GlobalSection(NestedProjects) = preSolution
		{0E6F3A47-5F72-4650-96FB-3796C3A13D7B} = {FA904BA2-CB0C-4D3D-A076-3E85217825C2}
	EndGlobalSection
	GlobalSection(ProjectConfigurationPlatforms) = postSolution
		{0E6F3A47-5F72-4650-96FB-3796C3A13D7B}.Debug|Any CPU.ActiveCfg = Debug|Any CPU
		{0E6F3A47-5F72-4650-96FB-3796C3A13D7B}.Debug|Any CPU.Build.0 = Debug|Any CPU
		{0E6F3A47-5F72-4650-96FB-3796C3A13D7B}.Release|Any CPU.ActiveCfg = Release|Any CPU
		{0E6F3A47-5F72-4650-96FB-3796C3A13D7B}.Release|Any CPU.Build.0 = Release|Any CPU
	EndGlobalSection
EndGlobal
